<?xml version="1.0" encoding="utf-8"?>
<Project ToolsVersion="4.0" xmlns="http://schemas.microsoft.com/developer/msbuild/2003">
  <ItemGroup>
    <Filter Include="ソース ファイル">
      <UniqueIdentifier>{4FC737F1-C7A5-4376-A066-2A32D752A2FF}</UniqueIdentifier>
      <Extensions>cpp;c;cc;cxx;def;odl;idl;hpj;bat;asm;asmx</Extensions>
    </Filter>
    <Filter Include="ヘッダー ファイル">
      <UniqueIdentifier>{93995380-89BD-4b04-88EB-625FBE52EBFB}</UniqueIdentifier>
      <Extensions>h;hh;hpp;hxx;hm;inl;inc;ipp;xsd</Extensions>
    </Filter>
    <Filter Include="リソース ファイル">
      <UniqueIdentifier>{67DA6AB6-F800-4c08-8B7A-83BB121AAD01}</UniqueIdentifier>
      <Extensions>rc;ico;cur;bmp;dlg;rc2;rct;bin;rgs;gif;jpg;jpeg;jpe;resx;tiff;tif;png;wav;mfcribbon-ms</Extensions>
    </Filter>
    <Filter Include="FunctionComponent">
      <UniqueIdentifier>{640e7351-2299-44ff-9206-eb641e8c09c6}</UniqueIdentifier>
    </Filter>
    <Filter Include="PhysicsLibrary">
      <UniqueIdentifier>{5c3f3a0d-cec2-41ed-80ab-5adbab042eaa}</UniqueIdentifier>
    </Filter>
    <Filter Include="Bullet">
      <UniqueIdentifier>{0173f0bf-b253-4b11-bc71-33891fb16cdd}</UniqueIdentifier>
    </Filter>
  </ItemGroup>
  <ItemGroup>
    <ClInclude Include="Src\AllStruct.h">
      <Filter>ソース ファイル</Filter>
    </ClInclude>
    <ClInclude Include="Src\CloudObj\CloudObj.h">
      <Filter>ヘッダー ファイル</Filter>
    </ClInclude>
    <ClInclude Include="Src\BaseIncluder.h">
      <Filter>ヘッダー ファイル</Filter>
    </ClInclude>
    <ClInclude Include="Src\Frames\TitleFrame.h">
      <Filter>ヘッダー ファイル</Filter>
    </ClInclude>
    <ClInclude Include="Src\Frames\GameFrame.h">
      <Filter>ヘッダー ファイル</Filter>
    </ClInclude>
    <ClInclude Include="Src\GameFrameScript\GameFrameScript.h">
      <Filter>ヘッダー ファイル</Filter>
    </ClInclude>
    <ClInclude Include="Src\BaseMecha\BaseMecha.h">
      <Filter>ヘッダー ファイル</Filter>
    </ClInclude>
    <ClInclude Include="Src\BaseMecha\MechaParts.h">
      <Filter>ヘッダー ファイル</Filter>
    </ClInclude>
    <ClInclude Include="Src\GameScript\GameScript.h">
      <Filter>ヘッダー ファイル</Filter>
    </ClInclude>
    <ClInclude Include="Src\BaseMecha\MechaPartsObject.h">
      <Filter>ヘッダー ファイル</Filter>
    </ClInclude>
    <ClInclude Include="Src\BaseMecha\Controller\ControllerBase.h">
      <Filter>ヘッダー ファイル</Filter>
    </ClInclude>
    <ClInclude Include="Src\BaseMecha\CaneraObject.h">
      <Filter>ヘッダー ファイル</Filter>
    </ClInclude>
    <ClInclude Include="Src\Application\Application.h">
      <Filter>ヘッダー ファイル</Filter>
    </ClInclude>
    <ClInclude Include="TestGameLoop.h">
      <Filter>ヘッダー ファイル</Filter>
    </ClInclude>
    <ClInclude Include="Src\BaseMecha\FunctionComponent\BoostComponent.h">
      <Filter>FunctionComponent</Filter>
    </ClInclude>
    <ClInclude Include="Src\BaseMecha\FunctionComponent\BoostComponents.h">
      <Filter>FunctionComponent</Filter>
    </ClInclude>
    <ClInclude Include="Src\BaseMecha\FunctionComponent\FunctionComponent.h">
      <Filter>FunctionComponent</Filter>
    </ClInclude>
    <ClInclude Include="Src\BaseMecha\FunctionComponent\MoveComponent.h">
      <Filter>FunctionComponent</Filter>
    </ClInclude>
    <ClInclude Include="Src\Physics\PhysicsMachine.h">
      <Filter>PhysicsLibrary</Filter>
    </ClInclude>
    <ClInclude Include="Src\Physics\Physics_Gravity.h">
      <Filter>PhysicsLibrary</Filter>
    </ClInclude>
    <ClInclude Include="Src\Physics\Physics_AirPower.h">
      <Filter>PhysicsLibrary</Filter>
    </ClInclude>
    <ClInclude Include="Src\Physics\Physics_WaterPower.h">
      <Filter>PhysicsLibrary</Filter>
    </ClInclude>
    <ClInclude Include="Src\Physics\Physics_GroundPower.h">
      <Filter>PhysicsLibrary</Filter>
    </ClInclude>
    <ClInclude Include="Src\BaseMecha\FunctionComponent\WeaponComponent.h">
      <Filter>FunctionComponent</Filter>
    </ClInclude>
    <ClInclude Include="Src\BaseMecha\FunctionComponent\WeaponComponents.h">
      <Filter>FunctionComponent</Filter>
    </ClInclude>
    <ClInclude Include="Src\Physics\Physics_MaterialPower.h">
      <Filter>PhysicsLibrary</Filter>
    </ClInclude>
    <ClInclude Include="Src\Bullet\Bullet.h">
      <Filter>Bullet</Filter>
    </ClInclude>
    <ClInclude Include="Src\Bullet\BulletObject.h">
      <Filter>Bullet</Filter>
    </ClInclude>
  </ItemGroup>
  <ItemGroup>
    <ClCompile Include="Src\CloudObj\CloudObj.cpp">
      <Filter>ソース ファイル</Filter>
    </ClCompile>
    <ClCompile Include="main.cpp">
      <Filter>ソース ファイル</Filter>
    </ClCompile>
    <ClCompile Include="Src\Frames\TitleFrame.cpp">
      <Filter>ソース ファイル</Filter>
    </ClCompile>
    <ClCompile Include="Src\Frames\GameFrame.cpp">
      <Filter>ソース ファイル</Filter>
    </ClCompile>
    <ClCompile Include="Src\GameFrameScript\GameFrameScript.cpp">
      <Filter>ソース ファイル</Filter>
    </ClCompile>
    <ClCompile Include="Src\BaseMecha\BaseMecha.cpp">
      <Filter>ソース ファイル</Filter>
    </ClCompile>
    <ClCompile Include="Src\BaseMecha\MechaParts.cpp">
      <Filter>ソース ファイル</Filter>
    </ClCompile>
    <ClCompile Include="Src\GameScript\GameScript.cpp">
      <Filter>ソース ファイル</Filter>
    </ClCompile>
    <ClCompile Include="Src\BaseMecha\MechaPartsObject.cpp">
      <Filter>ソース ファイル</Filter>
    </ClCompile>
    <ClCompile Include="Src\BaseMecha\Controller\ControllerBase.cpp">
      <Filter>ソース ファイル</Filter>
    </ClCompile>
    <ClCompile Include="Src\BaseMecha\CameraObject.cpp">
      <Filter>ソース ファイル</Filter>
    </ClCompile>
    <ClCompile Include="Src\Application\Application.cpp">
      <Filter>ソース ファイル</Filter>
    </ClCompile>
    <ClCompile Include="Src\BaseMecha\FunctionComponent\BoostComponent.cpp">
      <Filter>FunctionComponent</Filter>
    </ClCompile>
    <ClCompile Include="Src\BaseMecha\FunctionComponent\FunctionComponent.cpp">
      <Filter>FunctionComponent</Filter>
    </ClCompile>
    <ClCompile Include="Src\BaseMecha\FunctionComponent\MoveComponent.cpp">
      <Filter>FunctionComponent</Filter>
    </ClCompile>
    <ClCompile Include="Src\Physics\PhysicsMachine.cpp">
      <Filter>PhysicsLibrary</Filter>
    </ClCompile>
    <ClCompile Include="Src\Physics\Physics_Gravity.cpp">
      <Filter>PhysicsLibrary</Filter>
    </ClCompile>
    <ClCompile Include="Src\Physics\Physics_MaterialPower.cpp">
      <Filter>PhysicsLibrary</Filter>
    </ClCompile>
    <ClCompile Include="Src\Physics\Physics_AirPower.cpp">
      <Filter>PhysicsLibrary</Filter>
    </ClCompile>
    <ClCompile Include="Src\Physics\Physics_WaterPower.cpp">
      <Filter>PhysicsLibrary</Filter>
    </ClCompile>
    <ClCompile Include="Src\Physics\Physics_GroundPower.cpp">
      <Filter>PhysicsLibrary</Filter>
    </ClCompile>
    <ClCompile Include="Src\BaseMecha\FunctionComponent\WeaponComponent.cpp">
      <Filter>FunctionComponent</Filter>
    </ClCompile>
    <ClCompile Include="Src\Bullet\Bullet.cpp">
      <Filter>Bullet</Filter>
    </ClCompile>
    <ClCompile Include="Src\Bullet\BulletObject.cpp">
      <Filter>Bullet</Filter>
    </ClCompile>
  </ItemGroup>
</Project>