<?xml version="1.0" encoding="utf-8"?>
<Project ToolsVersion="4.0" xmlns="http://schemas.microsoft.com/developer/msbuild/2003">
  <ItemGroup>
    <Filter Include="ソース ファイル">
      <UniqueIdentifier>{4FC737F1-C7A5-4376-A066-2A32D752A2FF}</UniqueIdentifier>
      <Extensions>cpp;c;cc;cxx;def;odl;idl;hpj;bat;asm;asmx</Extensions>
    </Filter>
    <Filter Include="ヘッダー ファイル">
      <UniqueIdentifier>{93995380-89BD-4b04-88EB-625FBE52EBFB}</UniqueIdentifier>
      <Extensions>h;hh;hpp;hxx;hm;inl;inc;ipp;xsd</Extensions>
    </Filter>
    <Filter Include="リソース ファイル">
      <UniqueIdentifier>{67DA6AB6-F800-4c08-8B7A-83BB121AAD01}</UniqueIdentifier>
      <Extensions>rc;ico;cur;bmp;dlg;rc2;rct;bin;rgs;gif;jpg;jpeg;jpe;resx;tiff;tif;png;wav;mfcribbon-ms</Extensions>
    </Filter>
    <Filter Include="MyLibrary">
      <UniqueIdentifier>{23b1b37f-a941-4e9b-8d09-fc449b6053bb}</UniqueIdentifier>
    </Filter>
    <Filter Include="MyLibrary\XFile">
      <UniqueIdentifier>{2116b9ce-18c5-471b-bde1-1d499f3c3942}</UniqueIdentifier>
    </Filter>
    <Filter Include="MyLibrary\DataPack">
      <UniqueIdentifier>{c131fa1f-6aa4-4f24-bb93-0007f6f26651}</UniqueIdentifier>
    </Filter>
    <Filter Include="MyLibrary\Texture">
      <UniqueIdentifier>{8e1906aa-1ee1-4ee5-8e67-c98b362b8675}</UniqueIdentifier>
    </Filter>
    <Filter Include="MyLibrary\Sound">
      <UniqueIdentifier>{c5e07d9d-5bb6-4e0e-b2c6-bda84f868309}</UniqueIdentifier>
    </Filter>
    <Filter Include="MyLibrary\System">
      <UniqueIdentifier>{d7c341dd-f8f0-4bb9-b545-edf3f9a4f051}</UniqueIdentifier>
    </Filter>
    <Filter Include="MyLibrary\BaseInclude">
      <UniqueIdentifier>{209254ae-25d1-459a-93d6-3b62d2800b97}</UniqueIdentifier>
    </Filter>
    <Filter Include="MyLibrary\CPP">
      <UniqueIdentifier>{80c62534-6c1f-4096-9fc2-098fbbc3ede0}</UniqueIdentifier>
    </Filter>
  </ItemGroup>
  <ItemGroup>
    <ClInclude Include="Src\AllStruct.h">
      <Filter>ソース ファイル</Filter>
    </ClInclude>
    <ClInclude Include="Src\CloudObj\CloudObj.h">
      <Filter>ヘッダー ファイル</Filter>
    </ClInclude>
    <ClInclude Include="Src\BaseRobot\BaseRobot.h">
      <Filter>ヘッダー ファイル</Filter>
    </ClInclude>
    <ClInclude Include="Src\Damage\Damage.h">
      <Filter>ヘッダー ファイル</Filter>
    </ClInclude>
    <ClInclude Include="Src\EnemyObj\EnemyObj.h">
      <Filter>ヘッダー ファイル</Filter>
    </ClInclude>
    <ClInclude Include="Src\GameFrame.h">
      <Filter>ヘッダー ファイル</Filter>
    </ClInclude>
    <ClInclude Include="Src\HitPosList\HitPosList.h">
      <Filter>ヘッダー ファイル</Filter>
    </ClInclude>
    <ClInclude Include="Src\PlayerObj\PlayerObj.h">
      <Filter>ヘッダー ファイル</Filter>
    </ClInclude>
    <ClInclude Include="Src\BaseRobot\RobParts.h">
      <Filter>ヘッダー ファイル</Filter>
    </ClInclude>
    <ClInclude Include="Src\TitleFrame.h">
      <Filter>ヘッダー ファイル</Filter>
    </ClInclude>
    <ClInclude Include="Src\ChDXLibrary\Direct3D9\ChBaseFrame\ChBaseFrame.h">
      <Filter>MyLibrary\System</Filter>
    </ClInclude>
    <ClInclude Include="Src\ChDXLibrary\Direct3D9\ChBoundingBox\ChBoundingBox.h">
      <Filter>MyLibrary\XFile</Filter>
    </ClInclude>
    <ClInclude Include="Src\ChDXLibrary\Direct3D9\ChCamera\ChCamera.h">
      <Filter>MyLibrary\System</Filter>
    </ClInclude>
    <ClInclude Include="Src\ChDXLibrary\Direct3D9\ChDirectX9Controller\ChDirectX9Controller.h">
      <Filter>MyLibrary\System</Filter>
    </ClInclude>
    <ClInclude Include="Src\ChDXLibrary\ChInclude\CBasichInclude.h">
      <Filter>MyLibrary\BaseInclude</Filter>
    </ClInclude>
    <ClInclude Include="Src\ChDXLibrary\ChInclude\ChDirect3D9Include.h">
      <Filter>MyLibrary\BaseInclude</Filter>
    </ClInclude>
    <ClInclude Include="Src\ChDXLibrary\Direct3D9\ChDSound\ChDSound.h">
      <Filter>MyLibrary\Sound</Filter>
    </ClInclude>
    <ClInclude Include="Src\ChDXLibrary\Direct3D9\ChFont\ChFont.h">
      <Filter>MyLibrary\System</Filter>
    </ClInclude>
    <ClInclude Include="Src\ChDXLibrary\ChGameIncludeFile.h">
      <Filter>MyLibrary\BaseInclude</Filter>
    </ClInclude>
    <ClInclude Include="Src\ChDXLibrary\Direct3D9\ChLight\ChLight.h">
      <Filter>MyLibrary\System</Filter>
    </ClInclude>
    <ClInclude Include="Src\ChDXLibrary\Direct3D9\ChPackDate\ChMaterial.h">
      <Filter>MyLibrary\DataPack</Filter>
    </ClInclude>
    <ClInclude Include="Src\ChDXLibrary\Direct3D9\ChPackDate\ChMatrix.h">
      <Filter>MyLibrary\DataPack</Filter>
    </ClInclude>
    <ClInclude Include="Src\ChDXLibrary\Direct3D9\ChPartsObject\ChKeyFrameAniObj.h">
      <Filter>MyLibrary\DataPack</Filter>
    </ClInclude>
    <ClInclude Include="Src\ChDXLibrary\Direct3D9\ChMeshManager\ChMeshManager.h">
      <Filter>MyLibrary\XFile</Filter>
    </ClInclude>
    <ClInclude Include="Src\ChDXLibrary\Direct3D9\ChMouseController\ChMouseController.h">
      <Filter>MyLibrary\System</Filter>
    </ClInclude>
    <ClInclude Include="Src\ChDXLibrary\Direct3D9\ChObject\ChObject.h">
      <Filter>MyLibrary\System</Filter>
    </ClInclude>
    <ClInclude Include="Src\ChDXLibrary\Direct3D9\ChObjectController\ChObjectController.h">
      <Filter>MyLibrary\System</Filter>
    </ClInclude>
    <ClInclude Include="Src\ChDXLibrary\Direct3D9\ChPhysicalBase\ChPhysicalBase.h">
      <Filter>MyLibrary\XFile</Filter>
    </ClInclude>
    <ClInclude Include="Src\ChDXLibrary\Direct3D9\ChPolygonBoard\ChPolygonBoard.h">
      <Filter>MyLibrary\Texture</Filter>
    </ClInclude>
    <ClInclude Include="Src\ChDXLibrary\Direct3D9\ChPackDate\ChQuaternion.h">
      <Filter>MyLibrary\DataPack</Filter>
    </ClInclude>
    <ClInclude Include="Src\ChDXLibrary\Direct3D9\ChRenderTarget\ChRenderTarget.h">
      <Filter>MyLibrary\Texture</Filter>
    </ClInclude>
    <ClInclude Include="Src\ChDXLibrary\Direct3D9\ChRotationAnimation\ChRotationAnimation.h">
      <Filter>MyLibrary\System</Filter>
    </ClInclude>
    <ClInclude Include="Src\ChDXLibrary\Direct3D9\ChSimplicityAnimationController\ChSimplicityAnimationController.h">
      <Filter>MyLibrary\System</Filter>
    </ClInclude>
    <ClInclude Include="Src\ChDXLibrary\Direct3D9\ChPartsObject\ChSimplicityXFile.h">
      <Filter>MyLibrary\XFile</Filter>
    </ClInclude>
    <ClInclude Include="Src\ChDXLibrary\Direct3D9\ChSimplicityXfile\ChSimplicityXfileList.h">
      <Filter>MyLibrary\XFile</Filter>
    </ClInclude>
    <ClInclude Include="Src\ChDXLibrary\Direct3D9\ChSkinMeshXFile\ChSkinMeshXFile.h">
      <Filter>MyLibrary\XFile</Filter>
    </ClInclude>
    <ClInclude Include="Src\ChDXLibrary\Direct3D9\ChStringController\ChStringController.h">
      <Filter>MyLibrary\Texture</Filter>
    </ClInclude>
    <ClInclude Include="Src\ChDXLibrary\Direct3D9\ChTexManager\ChTexManager.h">
      <Filter>MyLibrary\Texture</Filter>
    </ClInclude>
    <ClInclude Include="Src\ChDXLibrary\Direct3D9\ChPartsObject\ChTexture.h">
      <Filter>MyLibrary\Texture</Filter>
    </ClInclude>
    <ClInclude Include="Src\ChDXLibrary\Direct3D9\ChTextureList\ChTextureList.h">
      <Filter>MyLibrary\Texture</Filter>
    </ClInclude>
    <ClInclude Include="Src\ChDXLibrary\Direct3D9\ChShader\ChShader.h">
      <Filter>MyLibrary\System</Filter>
    </ClInclude>
    <ClInclude Include="Src\ChDXLibrary\Direct3D9\ChSprite\ChSprite.h">
      <Filter>MyLibrary\Texture</Filter>
    </ClInclude>
    <ClInclude Include="Src\ChDXLibrary\ChWindows\ChWindows.h">
      <Filter>MyLibrary\System</Filter>
    </ClInclude>
    <ClInclude Include="Src\ChDXLibrary\Direct3D9\ChPackDate\ChVector3.h">
      <Filter>MyLibrary\DataPack</Filter>
    </ClInclude>
    <ClInclude Include="Src\ChDXLibrary\Direct3D9\ChPartsObject\ChSoundData.h">
      <Filter>MyLibrary\Sound</Filter>
    </ClInclude>
    <ClInclude Include="Src\ChDXLibrary\CPP\ChBitBool\ChBitBool.h">
      <Filter>MyLibrary\CPP</Filter>
    </ClInclude>
    <ClInclude Include="Src\ChDXLibrary\CPP\ChIOActionController\ChIOActionController.h">
      <Filter>MyLibrary\CPP</Filter>
    </ClInclude>
    <ClInclude Include="Src\ChDXLibrary\CPP\ChNamespace\ChFIO.h">
      <Filter>MyLibrary\CPP</Filter>
    </ClInclude>
    <ClInclude Include="Src\ChDXLibrary\CPP\ChNamespace\ChPtr.h">
      <Filter>MyLibrary\CPP</Filter>
    </ClInclude>
    <ClInclude Include="Src\ChDXLibrary\CPP\ChNamespace\ChStd.h">
      <Filter>MyLibrary\CPP</Filter>
    </ClInclude>
    <ClInclude Include="Src\ChDXLibrary\CPP\ChPngController\ChPngController.h">
      <Filter>MyLibrary\CPP</Filter>
    </ClInclude>
    <ClInclude Include="Src\ChDXLibrary\CPP\ChProcessManager\ChProcessManager.h">
      <Filter>MyLibrary\CPP</Filter>
    </ClInclude>
    <ClInclude Include="Src\ChDXLibrary\CPP\ChScript\ChScript.h">
      <Filter>MyLibrary\CPP</Filter>
    </ClInclude>
    <ClInclude Include="Src\ChDXLibrary\CPP\ChType\ChFloat.h">
      <Filter>MyLibrary\CPP</Filter>
    </ClInclude>
    <ClInclude Include="Src\ChDXLibrary\CPP\ChNamespace\ChCmd.h">
      <Filter>MyLibrary\CPP</Filter>
    </ClInclude>
    <ClInclude Include="Src\ChDXLibrary\CPP\ChNetWorkProgram\ChSocket.h">
      <Filter>MyLibrary\CPP</Filter>
    </ClInclude>
  </ItemGroup>
  <ItemGroup>
    <ClCompile Include="Src\BaseRobot\BaseRobot.cpp">
      <Filter>ソース ファイル</Filter>
    </ClCompile>
    <ClCompile Include="Src\BaseRobot\RobParts.cpp">
      <Filter>ソース ファイル</Filter>
    </ClCompile>
    <ClCompile Include="Src\CloudObj\CloudObj.cpp">
      <Filter>ソース ファイル</Filter>
    </ClCompile>
    <ClCompile Include="Src\Damage\Damage.cpp">
      <Filter>ソース ファイル</Filter>
    </ClCompile>
    <ClCompile Include="Src\EnemyObj\EnemyObj.cpp">
      <Filter>ソース ファイル</Filter>
    </ClCompile>
    <ClCompile Include="Src\GameFrame.cpp">
      <Filter>ソース ファイル</Filter>
    </ClCompile>
    <ClCompile Include="Src\HitPosList\HitPosList.cpp">
      <Filter>ソース ファイル</Filter>
    </ClCompile>
    <ClCompile Include="Src\PlayerObj\PlayerObj.cpp">
      <Filter>ソース ファイル</Filter>
    </ClCompile>
    <ClCompile Include="Src\TitleFrame.cpp">
      <Filter>ソース ファイル</Filter>
    </ClCompile>
    <ClCompile Include="main.cpp">
      <Filter>ソース ファイル</Filter>
    </ClCompile>
    <ClCompile Include="Src\ChDXLibrary\Direct3D9\ChBaseFrame\ChBaseFrame.cpp">
      <Filter>MyLibrary\System</Filter>
    </ClCompile>
    <ClCompile Include="Src\ChDXLibrary\Direct3D9\ChBoundingBox\ChBoundingBox.cpp">
      <Filter>MyLibrary\XFile</Filter>
    </ClCompile>
    <ClCompile Include="Src\ChDXLibrary\Direct3D9\ChCamera\ChCamera.cpp">
      <Filter>MyLibrary\System</Filter>
    </ClCompile>
    <ClCompile Include="Src\ChDXLibrary\Direct3D9\ChDirectX9Controller\ChDirectX9Controller.cpp">
      <Filter>MyLibrary\System</Filter>
    </ClCompile>
    <ClCompile Include="Src\ChDXLibrary\Direct3D9\ChDSound\ChDSound.cpp">
      <Filter>MyLibrary\Sound</Filter>
    </ClCompile>
    <ClCompile Include="Src\ChDXLibrary\Direct3D9\ChFont\ChFont.cpp">
      <Filter>MyLibrary\System</Filter>
    </ClCompile>
    <ClCompile Include="Src\ChDXLibrary\Direct3D9\ChLight\ChLight.cpp">
      <Filter>MyLibrary\System</Filter>
    </ClCompile>
    <ClCompile Include="Src\ChDXLibrary\Direct3D9\ChMeshManager\ChMeshManager.cpp">
      <Filter>MyLibrary\XFile</Filter>
    </ClCompile>
    <ClCompile Include="Src\ChDXLibrary\Direct3D9\ChMouseController\ChMouseController.cpp">
      <Filter>MyLibrary\System</Filter>
    </ClCompile>
    <ClCompile Include="Src\ChDXLibrary\Direct3D9\ChObject\ChObject.cpp">
      <Filter>MyLibrary\System</Filter>
    </ClCompile>
    <ClCompile Include="Src\ChDXLibrary\Direct3D9\ChObjectController\ChObjectController.cpp">
      <Filter>MyLibrary\System</Filter>
    </ClCompile>
    <ClCompile Include="Src\ChDXLibrary\Direct3D9\ChPhysicalBase\ChPhysicalBase.cpp">
      <Filter>MyLibrary\XFile</Filter>
    </ClCompile>
    <ClCompile Include="Src\ChDXLibrary\Direct3D9\ChPolygonBoard\ChPolygonBoard.cpp">
      <Filter>MyLibrary\Texture</Filter>
    </ClCompile>
    <ClCompile Include="Src\ChDXLibrary\Direct3D9\ChRenderTarget\ChRenderTarget.cpp">
      <Filter>MyLibrary\Texture</Filter>
    </ClCompile>
    <ClCompile Include="Src\ChDXLibrary\Direct3D9\ChRotationAnimation\ChRotationAnimation.cpp">
      <Filter>MyLibrary\System</Filter>
    </ClCompile>
    <ClCompile Include="Src\ChDXLibrary\Direct3D9\ChSimplicityAnimationController\ChSimplicityAnimationController.cpp">
      <Filter>MyLibrary\System</Filter>
    </ClCompile>
    <ClCompile Include="Src\ChDXLibrary\Direct3D9\ChSimplicityXfile\ChSimplicityXfileList.cpp">
      <Filter>MyLibrary\XFile</Filter>
    </ClCompile>
    <ClCompile Include="Src\ChDXLibrary\Direct3D9\ChSkinMeshXFile\ChSkinMeshXFile.cpp">
      <Filter>MyLibrary\XFile</Filter>
    </ClCompile>
    <ClCompile Include="Src\ChDXLibrary\Direct3D9\ChStringController\ChStringController.cpp">
      <Filter>MyLibrary\Texture</Filter>
    </ClCompile>
    <ClCompile Include="Src\ChDXLibrary\Direct3D9\ChTexManager\ChTexManager.cpp">
      <Filter>MyLibrary\Texture</Filter>
    </ClCompile>
    <ClCompile Include="Src\ChDXLibrary\Direct3D9\ChTextureList\ChTextureList.cpp">
      <Filter>MyLibrary\Texture</Filter>
    </ClCompile>
    <ClCompile Include="Src\ChDXLibrary\Direct3D9\ChShader\ChShader.cpp">
      <Filter>MyLibrary\System</Filter>
    </ClCompile>
    <ClCompile Include="Src\ChDXLibrary\Direct3D9\ChSprite\ChSprite.cpp">
      <Filter>MyLibrary\Texture</Filter>
    </ClCompile>
    <ClCompile Include="Src\ChDXLibrary\ChWindows\ChWindows.cpp">
      <Filter>MyLibrary\System</Filter>
    </ClCompile>
    <ClCompile Include="Src\ChDXLibrary\Direct3D9\ChPartsObject\ChPartsObject.cpp">
      <Filter>MyLibrary\DataPack</Filter>
    </ClCompile>
    <ClCompile Include="Src\ChDXLibrary\CPP\ChBitBool\ChBitBool.cpp">
      <Filter>MyLibrary\CPP</Filter>
    </ClCompile>
    <ClCompile Include="Src\ChDXLibrary\CPP\ChPngController\ChPngController.cpp">
      <Filter>MyLibrary\CPP</Filter>
    </ClCompile>
    <ClCompile Include="Src\ChDXLibrary\CPP\ChProcessManager\ChProcessManager.cpp">
      <Filter>MyLibrary\CPP</Filter>
    </ClCompile>
    <ClCompile Include="Src\ChDXLibrary\CPP\ChScript\ChScrit.cpp">
      <Filter>MyLibrary\CPP</Filter>
    </ClCompile>
    <ClCompile Include="Src\ChDXLibrary\CPP\ChNetWorkProgram\ChSocket.cpp">
      <Filter>MyLibrary\CPP</Filter>
    </ClCompile>
  </ItemGroup>
  <ItemGroup>
    <FxCompile Include="Src\ChDXLibrary\EffectDate\Model.fx">
      <Filter>MyLibrary\System</Filter>
    </FxCompile>
    <FxCompile Include="Src\ChDXLibrary\EffectDate\ShaderData.fx">
      <Filter>MyLibrary\System</Filter>
    </FxCompile>
  </ItemGroup>
</Project>